Microsoft Visual Studio Solution File, Format Version 12.00
# Visual Studio 2012
Project("{FAE04EC0-301F-11D3-BF4B-00C04F79EFBC}") = "Hello 3d", "Hello 3d.csproj", "{5D8F6ED4-F2E0-4BB1-A6E8-E3B86D38FCE2}"
EndProject
Project("{F2A71F9B-5D33-465A-A702-920D77279786}") = "CoreFS", "CoreFS\CoreFS.fsproj", "{3CCBF093-96C8-4BD7-9996-C4A478FBD626}"
EndProject
Global
	GlobalSection(SolutionConfigurationPlatforms) = preSolution
		Debug|Any CPU = Debug|Any CPU
		ExportDebug|Any CPU = ExportDebug|Any CPU
		ExportRelease|Any CPU = ExportRelease|Any CPU
	EndGlobalSection
	GlobalSection(ProjectConfigurationPlatforms) = postSolution
		{5D8F6ED4-F2E0-4BB1-A6E8-E3B86D38FCE2}.Debug|Any CPU.ActiveCfg = Debug|Any CPU
		{5D8F6ED4-F2E0-4BB1-A6E8-E3B86D38FCE2}.Debug|Any CPU.Build.0 = Debug|Any CPU
		{5D8F6ED4-F2E0-4BB1-A6E8-E3B86D38FCE2}.ExportDebug|Any CPU.ActiveCfg = ExportDebug|Any CPU
		{5D8F6ED4-F2E0-4BB1-A6E8-E3B86D38FCE2}.ExportDebug|Any CPU.Build.0 = ExportDebug|Any CPU
		{5D8F6ED4-F2E0-4BB1-A6E8-E3B86D38FCE2}.ExportRelease|Any CPU.ActiveCfg = ExportRelease|Any CPU
		{5D8F6ED4-F2E0-4BB1-A6E8-E3B86D38FCE2}.ExportRelease|Any CPU.Build.0 = ExportRelease|Any CPU
		{3CCBF093-96C8-4BD7-9996-C4A478FBD626}.Debug|Any CPU.ActiveCfg = Debug|Any CPU
		{3CCBF093-96C8-4BD7-9996-C4A478FBD626}.Debug|Any CPU.Build.0 = Debug|Any CPU
		{3CCBF093-96C8-4BD7-9996-C4A478FBD626}.ExportDebug|Any CPU.ActiveCfg = Debug|Any CPU
		{3CCBF093-96C8-4BD7-9996-C4A478FBD626}.ExportDebug|Any CPU.Build.0 = Debug|Any CPU
		{3CCBF093-96C8-4BD7-9996-C4A478FBD626}.ExportRelease|Any CPU.ActiveCfg = Debug|Any CPU
		{3CCBF093-96C8-4BD7-9996-C4A478FBD626}.ExportRelease|Any CPU.Build.0 = Debug|Any CPU
	EndGlobalSection
EndGlobal
